
Microsoft Visual Studio Solution File, Format Version 12.00
# Visual Studio 15
VisualStudioVersion = 15.0.28307.106
MinimumVisualStudioVersion = 10.0.40219.1
Project("{FAE04EC0-301F-11D3-BF4B-00C04F79EFBC}") = "FoodieStore", "FoodieStore\FoodieStore.csproj", "{ABF6EE26-4D1C-480E-92E7-1B70B5768125}"
EndProject
Global
	GlobalSection(SolutionConfigurationPlatforms) = preSolution
		Debug|Any CPU = Debug|Any CPU
		Release|Any CPU = Release|Any CPU
	EndGlobalSection
	GlobalSection(ProjectConfigurationPlatforms) = postSolution
		{ABF6EE26-4D1C-480E-92E7-1B70B5768125}.Debug|Any CPU.ActiveCfg = Debug|Any CPU
		{ABF6EE26-4D1C-480E-92E7-1B70B5768125}.Debug|Any CPU.Build.0 = Debug|Any CPU
		{ABF6EE26-4D1C-480E-92E7-1B70B5768125}.Release|Any CPU.ActiveCfg = Release|Any CPU
		{ABF6EE26-4D1C-480E-92E7-1B70B5768125}.Release|Any CPU.Build.0 = Release|Any CPU
	EndGlobalSection
	GlobalSection(SolutionProperties) = preSolution
		HideSolutionNode = FALSE
	EndGlobalSection
	GlobalSection(ExtensibilityGlobals) = postSolution
		SolutionGuid = {6C62BB62-294E-4C80-801A-1D8959E66F5E}
	EndGlobalSection
EndGlobal
